
Microsoft Visual Studio Solution File, Format Version 12.00
Project("{FAE04EC0-301F-11D3-BF4B-00C04F79EFBC}") = "RestaurantReservation", "RestaurantReservation\RestaurantReservation.csproj", "{98838C6D-ED75-48BA-B67B-9D5D6A2D089E}"
EndProject
Project("{FAE04EC0-301F-11D3-BF4B-00C04F79EFBC}") = "RestaurantReservation.Db", "RestaurantReservation.Db\RestaurantReservation.Db.csproj", "{D294A7A4-AD7F-4991-89EA-74B0E7E020E5}"
EndProject
Global
	GlobalSection(SolutionConfigurationPlatforms) = preSolution
		Debug|Any CPU = Debug|Any CPU
		Release|Any CPU = Release|Any CPU
	EndGlobalSection
	GlobalSection(ProjectConfigurationPlatforms) = postSolution
		{98838C6D-ED75-48BA-B67B-9D5D6A2D089E}.Debug|Any CPU.ActiveCfg = Debug|Any CPU
		{98838C6D-ED75-48BA-B67B-9D5D6A2D089E}.Debug|Any CPU.Build.0 = Debug|Any CPU
		{98838C6D-ED75-48BA-B67B-9D5D6A2D089E}.Release|Any CPU.ActiveCfg = Release|Any CPU
		{98838C6D-ED75-48BA-B67B-9D5D6A2D089E}.Release|Any CPU.Build.0 = Release|Any CPU
		{D294A7A4-AD7F-4991-89EA-74B0E7E020E5}.Debug|Any CPU.ActiveCfg = Debug|Any CPU
		{D294A7A4-AD7F-4991-89EA-74B0E7E020E5}.Debug|Any CPU.Build.0 = Debug|Any CPU
		{D294A7A4-AD7F-4991-89EA-74B0E7E020E5}.Release|Any CPU.ActiveCfg = Release|Any CPU
		{D294A7A4-AD7F-4991-89EA-74B0E7E020E5}.Release|Any CPU.Build.0 = Release|Any CPU
	EndGlobalSection
EndGlobal
